
Microsoft Visual Studio Solution File, Format Version 12.00
# Visual Studio 15
VisualStudioVersion = 15.0.27130.2020
MinimumVisualStudioVersion = 10.0.40219.1
Project("{FAE04EC0-301F-11D3-BF4B-00C04F79EFBC}") = "aima.net", "aima.net\aima.net.csproj", "{AEE45085-3A03-47AA-9152-0E684E221887}"
EndProject
Project("{FAE04EC0-301F-11D3-BF4B-00C04F79EFBC}") = "aima.net.console", "aima.net.console\aima.net.console.csproj", "{28F8A591-7A7A-4F84-A5DC-08294649D2E5}"
EndProject
Project("{FAE04EC0-301F-11D3-BF4B-00C04F79EFBC}") = "aima.net.test", "aima.net.test\aima.net.test.csproj", "{B6245BE5-92FF-4DD2-B475-D8CD880B9F35}"
EndProject
Global
	GlobalSection(SolutionConfigurationPlatforms) = preSolution
		Debug|Any CPU = Debug|Any CPU
		Release|Any CPU = Release|Any CPU
	EndGlobalSection
	GlobalSection(ProjectConfigurationPlatforms) = postSolution
		{AEE45085-3A03-47AA-9152-0E684E221887}.Debug|Any CPU.ActiveCfg = Debug|Any CPU
		{AEE45085-3A03-47AA-9152-0E684E221887}.Debug|Any CPU.Build.0 = Debug|Any CPU
		{AEE45085-3A03-47AA-9152-0E684E221887}.Release|Any CPU.ActiveCfg = Release|Any CPU
		{AEE45085-3A03-47AA-9152-0E684E221887}.Release|Any CPU.Build.0 = Release|Any CPU
		{28F8A591-7A7A-4F84-A5DC-08294649D2E5}.Debug|Any CPU.ActiveCfg = Debug|Any CPU
		{28F8A591-7A7A-4F84-A5DC-08294649D2E5}.Debug|Any CPU.Build.0 = Debug|Any CPU
		{28F8A591-7A7A-4F84-A5DC-08294649D2E5}.Release|Any CPU.ActiveCfg = Release|Any CPU
		{28F8A591-7A7A-4F84-A5DC-08294649D2E5}.Release|Any CPU.Build.0 = Release|Any CPU
		{B6245BE5-92FF-4DD2-B475-D8CD880B9F35}.Debug|Any CPU.ActiveCfg = Debug|Any CPU
		{B6245BE5-92FF-4DD2-B475-D8CD880B9F35}.Debug|Any CPU.Build.0 = Debug|Any CPU
		{B6245BE5-92FF-4DD2-B475-D8CD880B9F35}.Release|Any CPU.ActiveCfg = Release|Any CPU
		{B6245BE5-92FF-4DD2-B475-D8CD880B9F35}.Release|Any CPU.Build.0 = Release|Any CPU
	EndGlobalSection
	GlobalSection(SolutionProperties) = preSolution
		HideSolutionNode = FALSE
	EndGlobalSection
	GlobalSection(ExtensibilityGlobals) = postSolution
		SolutionGuid = {0DB9909B-CBD5-42EF-9612-BE72AB1EAC82}
	EndGlobalSection
EndGlobal
